// !$*UTF8*$!
{
	archiveVersion = 1;
	classes = {
	};
	objectVersion = 51;
	objects = {

/* Begin PBXBuildFile section */
		0CFE6D1B993D10341351A46E /* Pods_DutchNewsAppTests.framework in Frameworks */ = {isa = PBXBuildFile; fileRef = 57E4FC5F66168F503721963E /* Pods_DutchNewsAppTests.framework */; };
		B806C64E250544080052A36E /* TitleLabel.swift in Sources */ = {isa = PBXBuildFile; fileRef = B806C64D250544080052A36E /* TitleLabel.swift */; };
		B806C651250544C80052A36E /* HeadlinesCellOutput.swift in Sources */ = {isa = PBXBuildFile; fileRef = B806C650250544C80052A36E /* HeadlinesCellOutput.swift */; };
		B81D0286250009C8001C76B2 /* AppDelegate.swift in Sources */ = {isa = PBXBuildFile; fileRef = B81D0285250009C8001C76B2 /* AppDelegate.swift */; };
		B81D028A250009C8001C76B2 /* HeadlinesViewController.swift in Sources */ = {isa = PBXBuildFile; fileRef = B81D0289250009C8001C76B2 /* HeadlinesViewController.swift */; };
		B81D028F250009CC001C76B2 /* Assets.xcassets in Resources */ = {isa = PBXBuildFile; fileRef = B81D028E250009CC001C76B2 /* Assets.xcassets */; };
		B81D0292250009CC001C76B2 /* LaunchScreen.storyboard in Resources */ = {isa = PBXBuildFile; fileRef = B81D0290250009CC001C76B2 /* LaunchScreen.storyboard */; };
		B81D029D250009CC001C76B2 /* DutchNewsAppTests.swift in Sources */ = {isa = PBXBuildFile; fileRef = B81D029C250009CC001C76B2 /* DutchNewsAppTests.swift */; };
		B81D02A8250009CC001C76B2 /* DutchNewsAppUITests.swift in Sources */ = {isa = PBXBuildFile; fileRef = B81D02A7250009CC001C76B2 /* DutchNewsAppUITests.swift */; };
		B81D02B725002236001C76B2 /* NewsApiClient.swift in Sources */ = {isa = PBXBuildFile; fileRef = B81D02B625002236001C76B2 /* NewsApiClient.swift */; };
		B81D02BA25002826001C76B2 /* Article.swift in Sources */ = {isa = PBXBuildFile; fileRef = B81D02B925002826001C76B2 /* Article.swift */; };
		B83F4F72250146F5006DC824 /* HTTPURLResponse+successStatusCode.swift in Sources */ = {isa = PBXBuildFile; fileRef = B83F4F71250146F5006DC824 /* HTTPURLResponse+successStatusCode.swift */; };
		B83F4F742501471E006DC824 /* DataResponseError.swift in Sources */ = {isa = PBXBuildFile; fileRef = B83F4F732501471E006DC824 /* DataResponseError.swift */; };
		B8962033250645F50063C8EF /* UIImageView+placeholder.swift in Sources */ = {isa = PBXBuildFile; fileRef = B8962032250645F50063C8EF /* UIImageView+placeholder.swift */; };
		B8962035250652610063C8EF /* HeadlinesWebView.swift in Sources */ = {isa = PBXBuildFile; fileRef = B8962034250652610063C8EF /* HeadlinesWebView.swift */; };
		B8962038250699CD0063C8EF /* embeddedWeb.html in Resources */ = {isa = PBXBuildFile; fileRef = B8962037250699CD0063C8EF /* embeddedWeb.html */; };
		B8AAB54F250135CF009609B6 /* HeadlinesResponse.swift in Sources */ = {isa = PBXBuildFile; fileRef = B8AAB54E250135CF009609B6 /* HeadlinesResponse.swift */; };
		B8B9EC70250170E400226503 /* HeadlinesFirstRowCell.swift in Sources */ = {isa = PBXBuildFile; fileRef = B8B9EC6F250170E400226503 /* HeadlinesFirstRowCell.swift */; };
		B8B9EC732501725D00226503 /* Cell+Identifier.swift in Sources */ = {isa = PBXBuildFile; fileRef = B8B9EC722501725D00226503 /* Cell+Identifier.swift */; };
		B8B9EC76250174AF00226503 /* HeadlinesSecondRowCell.swift in Sources */ = {isa = PBXBuildFile; fileRef = B8B9EC75250174AF00226503 /* HeadlinesSecondRowCell.swift */; };
		B8B9EC7825029E0800226503 /* HeadlinesViewModel.swift in Sources */ = {isa = PBXBuildFile; fileRef = B8B9EC7725029E0800226503 /* HeadlinesViewModel.swift */; };
		B8B9EC7A25029E7300226503 /* HeadlinesAssembly.swift in Sources */ = {isa = PBXBuildFile; fileRef = B8B9EC7925029E7300226503 /* HeadlinesAssembly.swift */; };
		B8B9EC7E2503E78F00226503 /* HeadlinesFlowLayout.swift in Sources */ = {isa = PBXBuildFile; fileRef = B8B9EC7D2503E78E00226503 /* HeadlinesFlowLayout.swift */; };
		B8B9EC802505199700226503 /* HeadlinesRegularCell.swift in Sources */ = {isa = PBXBuildFile; fileRef = B8B9EC7F2505199700226503 /* HeadlinesRegularCell.swift */; };
		B8B9EC8225053B0F00226503 /* SourceLabel.swift in Sources */ = {isa = PBXBuildFile; fileRef = B8B9EC8125053B0F00226503 /* SourceLabel.swift */; };
		B8B9EC8725053CB400226503 /* UIColor+Extension.swift in Sources */ = {isa = PBXBuildFile; fileRef = B8B9EC8625053CB400226503 /* UIColor+Extension.swift */; };
		C23278C67E077485ACB3D468 /* Pods_DutchNewsApp_DutchNewsAppUITests.framework in Frameworks */ = {isa = PBXBuildFile; fileRef = E139D1BE43B3C1A7477FD3A0 /* Pods_DutchNewsApp_DutchNewsAppUITests.framework */; };
		D07C5F1FB766522EBC11C6B1 /* Pods_DutchNewsApp.framework in Frameworks */ = {isa = PBXBuildFile; fileRef = D31FB6A18743B85FF9391579 /* Pods_DutchNewsApp.framework */; };
/* End PBXBuildFile section */

/* Begin PBXContainerItemProxy section */
		B81D0299250009CC001C76B2 /* PBXContainerItemProxy */ = {
			isa = PBXContainerItemProxy;
			containerPortal = B81D027A250009C8001C76B2 /* Project object */;
			proxyType = 1;
			remoteGlobalIDString = B81D0281250009C8001C76B2;
			remoteInfo = DutchNewsApp;
		};
		B81D02A4250009CC001C76B2 /* PBXContainerItemProxy */ = {
			isa = PBXContainerItemProxy;
			containerPortal = B81D027A250009C8001C76B2 /* Project object */;
			proxyType = 1;
			remoteGlobalIDString = B81D0281250009C8001C76B2;
			remoteInfo = DutchNewsApp;
		};
/* End PBXContainerItemProxy section */

/* Begin PBXFileReference section */
		13695E59E286103DA7F57669 /* Pods-DutchNewsApp.debug.xcconfig */ = {isa = PBXFileReference; includeInIndex = 1; lastKnownFileType = text.xcconfig; name = "Pods-DutchNewsApp.debug.xcconfig"; path = "Target Support Files/Pods-DutchNewsApp/Pods-DutchNewsApp.debug.xcconfig"; sourceTree = "<group>"; };
		304F64A98E2A5C20004D0A13 /* Pods-DutchNewsAppTests.release.xcconfig */ = {isa = PBXFileReference; includeInIndex = 1; lastKnownFileType = text.xcconfig; name = "Pods-DutchNewsAppTests.release.xcconfig"; path = "Target Support Files/Pods-DutchNewsAppTests/Pods-DutchNewsAppTests.release.xcconfig"; sourceTree = "<group>"; };
		57E4FC5F66168F503721963E /* Pods_DutchNewsAppTests.framework */ = {isa = PBXFileReference; explicitFileType = wrapper.framework; includeInIndex = 0; path = Pods_DutchNewsAppTests.framework; sourceTree = BUILT_PRODUCTS_DIR; };
		5C053BCD49B54F4665026336 /* Pods-DutchNewsAppTests.debug.xcconfig */ = {isa = PBXFileReference; includeInIndex = 1; lastKnownFileType = text.xcconfig; name = "Pods-DutchNewsAppTests.debug.xcconfig"; path = "Target Support Files/Pods-DutchNewsAppTests/Pods-DutchNewsAppTests.debug.xcconfig"; sourceTree = "<group>"; };
		80416B4CC9D2C5069E3112FA /* Pods-DutchNewsApp-DutchNewsAppUITests.release.xcconfig */ = {isa = PBXFileReference; includeInIndex = 1; lastKnownFileType = text.xcconfig; name = "Pods-DutchNewsApp-DutchNewsAppUITests.release.xcconfig"; path = "Target Support Files/Pods-DutchNewsApp-DutchNewsAppUITests/Pods-DutchNewsApp-DutchNewsAppUITests.release.xcconfig"; sourceTree = "<group>"; };
		B806C64D250544080052A36E /* TitleLabel.swift */ = {isa = PBXFileReference; lastKnownFileType = sourcecode.swift; path = TitleLabel.swift; sourceTree = "<group>"; };
		B806C650250544C80052A36E /* HeadlinesCellOutput.swift */ = {isa = PBXFileReference; lastKnownFileType = sourcecode.swift; path = HeadlinesCellOutput.swift; sourceTree = "<group>"; };
		B81D0282250009C8001C76B2 /* DutchNewsApp.app */ = {isa = PBXFileReference; explicitFileType = wrapper.application; includeInIndex = 0; path = DutchNewsApp.app; sourceTree = BUILT_PRODUCTS_DIR; };
		B81D0285250009C8001C76B2 /* AppDelegate.swift */ = {isa = PBXFileReference; lastKnownFileType = sourcecode.swift; path = AppDelegate.swift; sourceTree = "<group>"; };
		B81D0289250009C8001C76B2 /* HeadlinesViewController.swift */ = {isa = PBXFileReference; lastKnownFileType = sourcecode.swift; path = HeadlinesViewController.swift; sourceTree = "<group>"; };
		B81D028E250009CC001C76B2 /* Assets.xcassets */ = {isa = PBXFileReference; lastKnownFileType = folder.assetcatalog; path = Assets.xcassets; sourceTree = "<group>"; };
		B81D0291250009CC001C76B2 /* Base */ = {isa = PBXFileReference; lastKnownFileType = file.storyboard; name = Base; path = Base.lproj/LaunchScreen.storyboard; sourceTree = "<group>"; };
		B81D0293250009CC001C76B2 /* Info.plist */ = {isa = PBXFileReference; lastKnownFileType = text.plist.xml; path = Info.plist; sourceTree = "<group>"; };
		B81D0298250009CC001C76B2 /* DutchNewsAppTests.xctest */ = {isa = PBXFileReference; explicitFileType = wrapper.cfbundle; includeInIndex = 0; path = DutchNewsAppTests.xctest; sourceTree = BUILT_PRODUCTS_DIR; };
		B81D029C250009CC001C76B2 /* DutchNewsAppTests.swift */ = {isa = PBXFileReference; lastKnownFileType = sourcecode.swift; path = DutchNewsAppTests.swift; sourceTree = "<group>"; };
		B81D029E250009CC001C76B2 /* Info.plist */ = {isa = PBXFileReference; lastKnownFileType = text.plist.xml; path = Info.plist; sourceTree = "<group>"; };
		B81D02A3250009CC001C76B2 /* DutchNewsAppUITests.xctest */ = {isa = PBXFileReference; explicitFileType = wrapper.cfbundle; includeInIndex = 0; path = DutchNewsAppUITests.xctest; sourceTree = BUILT_PRODUCTS_DIR; };
		B81D02A7250009CC001C76B2 /* DutchNewsAppUITests.swift */ = {isa = PBXFileReference; lastKnownFileType = sourcecode.swift; path = DutchNewsAppUITests.swift; sourceTree = "<group>"; };
		B81D02A9250009CC001C76B2 /* Info.plist */ = {isa = PBXFileReference; lastKnownFileType = text.plist.xml; path = Info.plist; sourceTree = "<group>"; };
		B81D02B625002236001C76B2 /* NewsApiClient.swift */ = {isa = PBXFileReference; lastKnownFileType = sourcecode.swift; path = NewsApiClient.swift; sourceTree = "<group>"; };
		B81D02B925002826001C76B2 /* Article.swift */ = {isa = PBXFileReference; lastKnownFileType = sourcecode.swift; path = Article.swift; sourceTree = "<group>"; };
		B83F4F71250146F5006DC824 /* HTTPURLResponse+successStatusCode.swift */ = {isa = PBXFileReference; lastKnownFileType = sourcecode.swift; path = "HTTPURLResponse+successStatusCode.swift"; sourceTree = "<group>"; };
		B83F4F732501471E006DC824 /* DataResponseError.swift */ = {isa = PBXFileReference; lastKnownFileType = sourcecode.swift; path = DataResponseError.swift; sourceTree = "<group>"; };
		B8962032250645F50063C8EF /* UIImageView+placeholder.swift */ = {isa = PBXFileReference; lastKnownFileType = sourcecode.swift; path = "UIImageView+placeholder.swift"; sourceTree = "<group>"; };
		B8962034250652610063C8EF /* HeadlinesWebView.swift */ = {isa = PBXFileReference; lastKnownFileType = sourcecode.swift; path = HeadlinesWebView.swift; sourceTree = "<group>"; };
		B8962037250699CD0063C8EF /* embeddedWeb.html */ = {isa = PBXFileReference; lastKnownFileType = text.html; path = embeddedWeb.html; sourceTree = "<group>"; };
		B8AAB54E250135CF009609B6 /* HeadlinesResponse.swift */ = {isa = PBXFileReference; lastKnownFileType = sourcecode.swift; path = HeadlinesResponse.swift; sourceTree = "<group>"; };
		B8B9EC6F250170E400226503 /* HeadlinesFirstRowCell.swift */ = {isa = PBXFileReference; lastKnownFileType = sourcecode.swift; path = HeadlinesFirstRowCell.swift; sourceTree = "<group>"; };
		B8B9EC722501725D00226503 /* Cell+Identifier.swift */ = {isa = PBXFileReference; lastKnownFileType = sourcecode.swift; path = "Cell+Identifier.swift"; sourceTree = "<group>"; };
		B8B9EC75250174AF00226503 /* HeadlinesSecondRowCell.swift */ = {isa = PBXFileReference; lastKnownFileType = sourcecode.swift; path = HeadlinesSecondRowCell.swift; sourceTree = "<group>"; };
		B8B9EC7725029E0800226503 /* HeadlinesViewModel.swift */ = {isa = PBXFileReference; lastKnownFileType = sourcecode.swift; path = HeadlinesViewModel.swift; sourceTree = "<group>"; };
		B8B9EC7925029E7300226503 /* HeadlinesAssembly.swift */ = {isa = PBXFileReference; lastKnownFileType = sourcecode.swift; path = HeadlinesAssembly.swift; sourceTree = "<group>"; };
		B8B9EC7D2503E78E00226503 /* HeadlinesFlowLayout.swift */ = {isa = PBXFileReference; lastKnownFileType = sourcecode.swift; path = HeadlinesFlowLayout.swift; sourceTree = "<group>"; };
		B8B9EC7F2505199700226503 /* HeadlinesRegularCell.swift */ = {isa = PBXFileReference; lastKnownFileType = sourcecode.swift; path = HeadlinesRegularCell.swift; sourceTree = "<group>"; };
		B8B9EC8125053B0F00226503 /* SourceLabel.swift */ = {isa = PBXFileReference; lastKnownFileType = sourcecode.swift; path = SourceLabel.swift; sourceTree = "<group>"; };
		B8B9EC8625053CB400226503 /* UIColor+Extension.swift */ = {isa = PBXFileReference; lastKnownFileType = sourcecode.swift; path = "UIColor+Extension.swift"; sourceTree = "<group>"; };
		D31FB6A18743B85FF9391579 /* Pods_DutchNewsApp.framework */ = {isa = PBXFileReference; explicitFileType = wrapper.framework; includeInIndex = 0; path = Pods_DutchNewsApp.framework; sourceTree = BUILT_PRODUCTS_DIR; };
		D434D6388D7A0990E000B90D /* Pods-DutchNewsApp-DutchNewsAppUITests.debug.xcconfig */ = {isa = PBXFileReference; includeInIndex = 1; lastKnownFileType = text.xcconfig; name = "Pods-DutchNewsApp-DutchNewsAppUITests.debug.xcconfig"; path = "Target Support Files/Pods-DutchNewsApp-DutchNewsAppUITests/Pods-DutchNewsApp-DutchNewsAppUITests.debug.xcconfig"; sourceTree = "<group>"; };
		E139D1BE43B3C1A7477FD3A0 /* Pods_DutchNewsApp_DutchNewsAppUITests.framework */ = {isa = PBXFileReference; explicitFileType = wrapper.framework; includeInIndex = 0; path = Pods_DutchNewsApp_DutchNewsAppUITests.framework; sourceTree = BUILT_PRODUCTS_DIR; };
		F61414D0F2784DDF8F315040 /* Pods-DutchNewsApp.release.xcconfig */ = {isa = PBXFileReference; includeInIndex = 1; lastKnownFileType = text.xcconfig; name = "Pods-DutchNewsApp.release.xcconfig"; path = "Target Support Files/Pods-DutchNewsApp/Pods-DutchNewsApp.release.xcconfig"; sourceTree = "<group>"; };
/* End PBXFileReference section */

/* Begin PBXFrameworksBuildPhase section */
		B81D027F250009C8001C76B2 /* Frameworks */ = {
			isa = PBXFrameworksBuildPhase;
			buildActionMask = 2147483647;
			files = (
				D07C5F1FB766522EBC11C6B1 /* Pods_DutchNewsApp.framework in Frameworks */,
			);
			runOnlyForDeploymentPostprocessing = 0;
		};
		B81D0295250009CC001C76B2 /* Frameworks */ = {
			isa = PBXFrameworksBuildPhase;
			buildActionMask = 2147483647;
			files = (
				0CFE6D1B993D10341351A46E /* Pods_DutchNewsAppTests.framework in Frameworks */,
			);
			runOnlyForDeploymentPostprocessing = 0;
		};
		B81D02A0250009CC001C76B2 /* Frameworks */ = {
			isa = PBXFrameworksBuildPhase;
			buildActionMask = 2147483647;
			files = (
				C23278C67E077485ACB3D468 /* Pods_DutchNewsApp_DutchNewsAppUITests.framework in Frameworks */,
			);
			runOnlyForDeploymentPostprocessing = 0;
		};
/* End PBXFrameworksBuildPhase section */

/* Begin PBXGroup section */
		7D158923C8019CFF0310D255 /* Frameworks */ = {
			isa = PBXGroup;
			children = (
				D31FB6A18743B85FF9391579 /* Pods_DutchNewsApp.framework */,
				E139D1BE43B3C1A7477FD3A0 /* Pods_DutchNewsApp_DutchNewsAppUITests.framework */,
				57E4FC5F66168F503721963E /* Pods_DutchNewsAppTests.framework */,
			);
			name = Frameworks;
			sourceTree = "<group>";
		};
		B2DEBA23411DA8F97D56BA10 /* Pods */ = {
			isa = PBXGroup;
			children = (
				13695E59E286103DA7F57669 /* Pods-DutchNewsApp.debug.xcconfig */,
				F61414D0F2784DDF8F315040 /* Pods-DutchNewsApp.release.xcconfig */,
				D434D6388D7A0990E000B90D /* Pods-DutchNewsApp-DutchNewsAppUITests.debug.xcconfig */,
				80416B4CC9D2C5069E3112FA /* Pods-DutchNewsApp-DutchNewsAppUITests.release.xcconfig */,
				5C053BCD49B54F4665026336 /* Pods-DutchNewsAppTests.debug.xcconfig */,
				304F64A98E2A5C20004D0A13 /* Pods-DutchNewsAppTests.release.xcconfig */,
			);
			path = Pods;
			sourceTree = "<group>";
		};
		B806C64F250544A60052A36E /* Cells */ = {
			isa = PBXGroup;
			children = (
				B8B9EC7D2503E78E00226503 /* HeadlinesFlowLayout.swift */,
				B806C650250544C80052A36E /* HeadlinesCellOutput.swift */,
				B8B9EC6F250170E400226503 /* HeadlinesFirstRowCell.swift */,
				B8B9EC75250174AF00226503 /* HeadlinesSecondRowCell.swift */,
				B8B9EC7F2505199700226503 /* HeadlinesRegularCell.swift */,
				B8962034250652610063C8EF /* HeadlinesWebView.swift */,
			);
			path = Cells;
			sourceTree = "<group>";
		};
		B81D0279250009C8001C76B2 = {
			isa = PBXGroup;
			children = (
				B81D0284250009C8001C76B2 /* DutchNewsApp */,
				B81D029B250009CC001C76B2 /* DutchNewsAppTests */,
				B81D02A6250009CC001C76B2 /* DutchNewsAppUITests */,
				B81D0283250009C8001C76B2 /* Products */,
				B2DEBA23411DA8F97D56BA10 /* Pods */,
				7D158923C8019CFF0310D255 /* Frameworks */,
			);
			sourceTree = "<group>";
		};
		B81D0283250009C8001C76B2 /* Products */ = {
			isa = PBXGroup;
			children = (
				B81D0282250009C8001C76B2 /* DutchNewsApp.app */,
				B81D0298250009CC001C76B2 /* DutchNewsAppTests.xctest */,
				B81D02A3250009CC001C76B2 /* DutchNewsAppUITests.xctest */,
			);
			name = Products;
			sourceTree = "<group>";
		};
		B81D0284250009C8001C76B2 /* DutchNewsApp */ = {
			isa = PBXGroup;
			children = (
				B89620362506974D0063C8EF /* Resources */,
				B8B9EC8325053C6400226503 /* UIComponents */,
				B83F4F7525014FB2006DC824 /* Screens */,
				B81D02B8250027FC001C76B2 /* Models */,
				B81D02B52500221D001C76B2 /* Networking */,
				B8B9EC712501723800226503 /* CommonExtensions */,
				B81D0285250009C8001C76B2 /* AppDelegate.swift */,
				B81D0293250009CC001C76B2 /* Info.plist */,
			);
			path = DutchNewsApp;
			sourceTree = "<group>";
		};
		B81D029B250009CC001C76B2 /* DutchNewsAppTests */ = {
			isa = PBXGroup;
			children = (
				B81D029C250009CC001C76B2 /* DutchNewsAppTests.swift */,
				B81D029E250009CC001C76B2 /* Info.plist */,
			);
			path = DutchNewsAppTests;
			sourceTree = "<group>";
		};
		B81D02A6250009CC001C76B2 /* DutchNewsAppUITests */ = {
			isa = PBXGroup;
			children = (
				B81D02A7250009CC001C76B2 /* DutchNewsAppUITests.swift */,
				B81D02A9250009CC001C76B2 /* Info.plist */,
			);
			path = DutchNewsAppUITests;
			sourceTree = "<group>";
		};
		B81D02B52500221D001C76B2 /* Networking */ = {
			isa = PBXGroup;
			children = (
				B83F4F70250146E3006DC824 /* Models */,
				B81D02B625002236001C76B2 /* NewsApiClient.swift */,
			);
			path = Networking;
			sourceTree = "<group>";
		};
		B81D02B8250027FC001C76B2 /* Models */ = {
			isa = PBXGroup;
			children = (
				B81D02B925002826001C76B2 /* Article.swift */,
				B8AAB54E250135CF009609B6 /* HeadlinesResponse.swift */,
			);
			path = Models;
			sourceTree = "<group>";
		};
		B83F4F70250146E3006DC824 /* Models */ = {
			isa = PBXGroup;
			children = (
				B83F4F71250146F5006DC824 /* HTTPURLResponse+successStatusCode.swift */,
				B83F4F732501471E006DC824 /* DataResponseError.swift */,
			);
			path = Models;
			sourceTree = "<group>";
		};
		B83F4F7525014FB2006DC824 /* Screens */ = {
			isa = PBXGroup;
			children = (
				B83F4F7625014FC1006DC824 /* Headlines */,
				B8B9EC742501728900226503 /* Details */,
			);
			path = Screens;
			sourceTree = "<group>";
		};
		B83F4F7625014FC1006DC824 /* Headlines */ = {
			isa = PBXGroup;
			children = (
				B806C64F250544A60052A36E /* Cells */,
				B8B9EC7925029E7300226503 /* HeadlinesAssembly.swift */,
				B8B9EC7725029E0800226503 /* HeadlinesViewModel.swift */,
				B81D0289250009C8001C76B2 /* HeadlinesViewController.swift */,
			);
			path = Headlines;
			sourceTree = "<group>";
		};
		B89620362506974D0063C8EF /* Resources */ = {
			isa = PBXGroup;
			children = (
				B81D028E250009CC001C76B2 /* Assets.xcassets */,
				B81D0290250009CC001C76B2 /* LaunchScreen.storyboard */,
				B8962037250699CD0063C8EF /* embeddedWeb.html */,
			);
			path = Resources;
			sourceTree = "<group>";
		};
		B8B9EC712501723800226503 /* CommonExtensions */ = {
			isa = PBXGroup;
			children = (
				B8B9EC722501725D00226503 /* Cell+Identifier.swift */,
			);
			path = CommonExtensions;
			sourceTree = "<group>";
		};
		B8B9EC742501728900226503 /* Details */ = {
			isa = PBXGroup;
			children = (
			);
			path = Details;
			sourceTree = "<group>";
		};
		B8B9EC8325053C6400226503 /* UIComponents */ = {
			isa = PBXGroup;
			children = (
				B8B9EC8125053B0F00226503 /* SourceLabel.swift */,
				B806C64D250544080052A36E /* TitleLabel.swift */,
				B8B9EC8625053CB400226503 /* UIColor+Extension.swift */,
				B8962032250645F50063C8EF /* UIImageView+placeholder.swift */,
			);
			path = UIComponents;
			sourceTree = "<group>";
		};
/* End PBXGroup section */

/* Begin PBXNativeTarget section */
		B81D0281250009C8001C76B2 /* DutchNewsApp */ = {
			isa = PBXNativeTarget;
			buildConfigurationList = B81D02AC250009CC001C76B2 /* Build configuration list for PBXNativeTarget "DutchNewsApp" */;
			buildPhases = (
				29EEABB93CAF658C6E8CA9A9 /* [CP] Check Pods Manifest.lock */,
				B81D027E250009C8001C76B2 /* Sources */,
				B81D027F250009C8001C76B2 /* Frameworks */,
				B81D0280250009C8001C76B2 /* Resources */,
				C3D11106F6DC9620729418F8 /* [CP] Embed Pods Frameworks */,
			);
			buildRules = (
			);
			dependencies = (
			);
			name = DutchNewsApp;
			productName = DutchNewsApp;
			productReference = B81D0282250009C8001C76B2 /* DutchNewsApp.app */;
			productType = "com.apple.product-type.application";
		};
		B81D0297250009CC001C76B2 /* DutchNewsAppTests */ = {
			isa = PBXNativeTarget;
			buildConfigurationList = B81D02AF250009CC001C76B2 /* Build configuration list for PBXNativeTarget "DutchNewsAppTests" */;
			buildPhases = (
				02E06AD5516C7FA306F5C443 /* [CP] Check Pods Manifest.lock */,
				B81D0294250009CC001C76B2 /* Sources */,
				B81D0295250009CC001C76B2 /* Frameworks */,
				B81D0296250009CC001C76B2 /* Resources */,
			);
			buildRules = (
			);
			dependencies = (
				B81D029A250009CC001C76B2 /* PBXTargetDependency */,
			);
			name = DutchNewsAppTests;
			productName = DutchNewsAppTests;
			productReference = B81D0298250009CC001C76B2 /* DutchNewsAppTests.xctest */;
			productType = "com.apple.product-type.bundle.unit-test";
		};
		B81D02A2250009CC001C76B2 /* DutchNewsAppUITests */ = {
			isa = PBXNativeTarget;
			buildConfigurationList = B81D02B2250009CC001C76B2 /* Build configuration list for PBXNativeTarget "DutchNewsAppUITests" */;
			buildPhases = (
				865C4D6D9E222DA3E616AE05 /* [CP] Check Pods Manifest.lock */,
				B81D029F250009CC001C76B2 /* Sources */,
				B81D02A0250009CC001C76B2 /* Frameworks */,
				B81D02A1250009CC001C76B2 /* Resources */,
				0A81F278409EA65C2F3601E9 /* [CP] Embed Pods Frameworks */,
			);
			buildRules = (
			);
			dependencies = (
				B81D02A5250009CC001C76B2 /* PBXTargetDependency */,
			);
			name = DutchNewsAppUITests;
			productName = DutchNewsAppUITests;
			productReference = B81D02A3250009CC001C76B2 /* DutchNewsAppUITests.xctest */;
			productType = "com.apple.product-type.bundle.ui-testing";
		};
/* End PBXNativeTarget section */

/* Begin PBXProject section */
		B81D027A250009C8001C76B2 /* Project object */ = {
			isa = PBXProject;
			attributes = {
				LastSwiftUpdateCheck = 1120;
				LastUpgradeCheck = 1120;
				ORGANIZATIONNAME = KirillSedykh;
				TargetAttributes = {
					B81D0281250009C8001C76B2 = {
						CreatedOnToolsVersion = 11.2.1;
					};
					B81D0297250009CC001C76B2 = {
						CreatedOnToolsVersion = 11.2.1;
						TestTargetID = B81D0281250009C8001C76B2;
					};
					B81D02A2250009CC001C76B2 = {
						CreatedOnToolsVersion = 11.2.1;
						TestTargetID = B81D0281250009C8001C76B2;
					};
				};
			};
			buildConfigurationList = B81D027D250009C8001C76B2 /* Build configuration list for PBXProject "DutchNewsApp" */;
			compatibilityVersion = "Xcode 9.3";
			developmentRegion = en;
			hasScannedForEncodings = 0;
			knownRegions = (
				en,
				Base,
			);
			mainGroup = B81D0279250009C8001C76B2;
			productRefGroup = B81D0283250009C8001C76B2 /* Products */;
			projectDirPath = "";
			projectRoot = "";
			targets = (
				B81D0281250009C8001C76B2 /* DutchNewsApp */,
				B81D0297250009CC001C76B2 /* DutchNewsAppTests */,
				B81D02A2250009CC001C76B2 /* DutchNewsAppUITests */,
			);
		};
/* End PBXProject section */

/* Begin PBXResourcesBuildPhase section */
		B81D0280250009C8001C76B2 /* Resources */ = {
			isa = PBXResourcesBuildPhase;
			buildActionMask = 2147483647;
			files = (
				B81D0292250009CC001C76B2 /* LaunchScreen.storyboard in Resources */,
				B8962038250699CD0063C8EF /* embeddedWeb.html in Resources */,
				B81D028F250009CC001C76B2 /* Assets.xcassets in Resources */,
			);
			runOnlyForDeploymentPostprocessing = 0;
		};
		B81D0296250009CC001C76B2 /* Resources */ = {
			isa = PBXResourcesBuildPhase;
			buildActionMask = 2147483647;
			files = (
			);
			runOnlyForDeploymentPostprocessing = 0;
		};
		B81D02A1250009CC001C76B2 /* Resources */ = {
			isa = PBXResourcesBuildPhase;
			buildActionMask = 2147483647;
			files = (
			);
			runOnlyForDeploymentPostprocessing = 0;
		};
/* End PBXResourcesBuildPhase section */

/* Begin PBXShellScriptBuildPhase section */
		02E06AD5516C7FA306F5C443 /* [CP] Check Pods Manifest.lock */ = {
			isa = PBXShellScriptBuildPhase;
			buildActionMask = 2147483647;
			files = (
			);
			inputFileListPaths = (
			);
			inputPaths = (
				"${PODS_PODFILE_DIR_PATH}/Podfile.lock",
				"${PODS_ROOT}/Manifest.lock",
			);
			name = "[CP] Check Pods Manifest.lock";
			outputFileListPaths = (
			);
			outputPaths = (
				"$(DERIVED_FILE_DIR)/Pods-DutchNewsAppTests-checkManifestLockResult.txt",
			);
			runOnlyForDeploymentPostprocessing = 0;
			shellPath = /bin/sh;
			shellScript = "diff \"${PODS_PODFILE_DIR_PATH}/Podfile.lock\" \"${PODS_ROOT}/Manifest.lock\" > /dev/null\nif [ $? != 0 ] ; then\n    # print error to STDERR\n    echo \"error: The sandbox is not in sync with the Podfile.lock. Run 'pod install' or update your CocoaPods installation.\" >&2\n    exit 1\nfi\n# This output is used by Xcode 'outputs' to avoid re-running this script phase.\necho \"SUCCESS\" > \"${SCRIPT_OUTPUT_FILE_0}\"\n";
			showEnvVarsInLog = 0;
		};
		0A81F278409EA65C2F3601E9 /* [CP] Embed Pods Frameworks */ = {
			isa = PBXShellScriptBuildPhase;
			buildActionMask = 2147483647;
			files = (
			);
			inputFileListPaths = (
				"${PODS_ROOT}/Target Support Files/Pods-DutchNewsApp-DutchNewsAppUITests/Pods-DutchNewsApp-DutchNewsAppUITests-frameworks-${CONFIGURATION}-input-files.xcfilelist",
			);
			name = "[CP] Embed Pods Frameworks";
			outputFileListPaths = (
				"${PODS_ROOT}/Target Support Files/Pods-DutchNewsApp-DutchNewsAppUITests/Pods-DutchNewsApp-DutchNewsAppUITests-frameworks-${CONFIGURATION}-output-files.xcfilelist",
			);
			runOnlyForDeploymentPostprocessing = 0;
			shellPath = /bin/sh;
			shellScript = "\"${PODS_ROOT}/Target Support Files/Pods-DutchNewsApp-DutchNewsAppUITests/Pods-DutchNewsApp-DutchNewsAppUITests-frameworks.sh\"\n";
			showEnvVarsInLog = 0;
		};
		29EEABB93CAF658C6E8CA9A9 /* [CP] Check Pods Manifest.lock */ = {
			isa = PBXShellScriptBuildPhase;
			buildActionMask = 2147483647;
			files = (
			);
			inputFileListPaths = (
			);
			inputPaths = (
				"${PODS_PODFILE_DIR_PATH}/Podfile.lock",
				"${PODS_ROOT}/Manifest.lock",
			);
			name = "[CP] Check Pods Manifest.lock";
			outputFileListPaths = (
			);
			outputPaths = (
				"$(DERIVED_FILE_DIR)/Pods-DutchNewsApp-checkManifestLockResult.txt",
			);
			runOnlyForDeploymentPostprocessing = 0;
			shellPath = /bin/sh;
			shellScript = "diff \"${PODS_PODFILE_DIR_PATH}/Podfile.lock\" \"${PODS_ROOT}/Manifest.lock\" > /dev/null\nif [ $? != 0 ] ; then\n    # print error to STDERR\n    echo \"error: The sandbox is not in sync with the Podfile.lock. Run 'pod install' or update your CocoaPods installation.\" >&2\n    exit 1\nfi\n# This output is used by Xcode 'outputs' to avoid re-running this script phase.\necho \"SUCCESS\" > \"${SCRIPT_OUTPUT_FILE_0}\"\n";
			showEnvVarsInLog = 0;
		};
		865C4D6D9E222DA3E616AE05 /* [CP] Check Pods Manifest.lock */ = {
			isa = PBXShellScriptBuildPhase;
			buildActionMask = 2147483647;
			files = (
			);
			inputFileListPaths = (
			);
			inputPaths = (
				"${PODS_PODFILE_DIR_PATH}/Podfile.lock",
				"${PODS_ROOT}/Manifest.lock",
			);
			name = "[CP] Check Pods Manifest.lock";
			outputFileListPaths = (
			);
			outputPaths = (
				"$(DERIVED_FILE_DIR)/Pods-DutchNewsApp-DutchNewsAppUITests-checkManifestLockResult.txt",
			);
			runOnlyForDeploymentPostprocessing = 0;
			shellPath = /bin/sh;
			shellScript = "diff \"${PODS_PODFILE_DIR_PATH}/Podfile.lock\" \"${PODS_ROOT}/Manifest.lock\" > /dev/null\nif [ $? != 0 ] ; then\n    # print error to STDERR\n    echo \"error: The sandbox is not in sync with the Podfile.lock. Run 'pod install' or update your CocoaPods installation.\" >&2\n    exit 1\nfi\n# This output is used by Xcode 'outputs' to avoid re-running this script phase.\necho \"SUCCESS\" > \"${SCRIPT_OUTPUT_FILE_0}\"\n";
			showEnvVarsInLog = 0;
		};
		C3D11106F6DC9620729418F8 /* [CP] Embed Pods Frameworks */ = {
			isa = PBXShellScriptBuildPhase;
			buildActionMask = 2147483647;
			files = (
			);
			inputFileListPaths = (
				"${PODS_ROOT}/Target Support Files/Pods-DutchNewsApp/Pods-DutchNewsApp-frameworks-${CONFIGURATION}-input-files.xcfilelist",
			);
			name = "[CP] Embed Pods Frameworks";
			outputFileListPaths = (
				"${PODS_ROOT}/Target Support Files/Pods-DutchNewsApp/Pods-DutchNewsApp-frameworks-${CONFIGURATION}-output-files.xcfilelist",
			);
			runOnlyForDeploymentPostprocessing = 0;
			shellPath = /bin/sh;
			shellScript = "\"${PODS_ROOT}/Target Support Files/Pods-DutchNewsApp/Pods-DutchNewsApp-frameworks.sh\"\n";
			showEnvVarsInLog = 0;
		};
/* End PBXShellScriptBuildPhase section */

/* Begin PBXSourcesBuildPhase section */
		B81D027E250009C8001C76B2 /* Sources */ = {
			isa = PBXSourcesBuildPhase;
			buildActionMask = 2147483647;
			files = (
				B8B9EC70250170E400226503 /* HeadlinesFirstRowCell.swift in Sources */,
				B8B9EC76250174AF00226503 /* HeadlinesSecondRowCell.swift in Sources */,
				B8B9EC7E2503E78F00226503 /* HeadlinesFlowLayout.swift in Sources */,
				B8B9EC732501725D00226503 /* Cell+Identifier.swift in Sources */,
				B806C651250544C80052A36E /* HeadlinesCellOutput.swift in Sources */,
				B8B9EC7A25029E7300226503 /* HeadlinesAssembly.swift in Sources */,
				B8AAB54F250135CF009609B6 /* HeadlinesResponse.swift in Sources */,
				B81D02BA25002826001C76B2 /* Article.swift in Sources */,
				B8B9EC8725053CB400226503 /* UIColor+Extension.swift in Sources */,
				B81D028A250009C8001C76B2 /* HeadlinesViewController.swift in Sources */,
				B8962033250645F50063C8EF /* UIImageView+placeholder.swift in Sources */,
				B8B9EC8225053B0F00226503 /* SourceLabel.swift in Sources */,
				B83F4F72250146F5006DC824 /* HTTPURLResponse+successStatusCode.swift in Sources */,
				B81D0286250009C8001C76B2 /* AppDelegate.swift in Sources */,
				B83F4F742501471E006DC824 /* DataResponseError.swift in Sources */,
				B8B9EC7825029E0800226503 /* HeadlinesViewModel.swift in Sources */,
				B8B9EC802505199700226503 /* HeadlinesRegularCell.swift in Sources */,
				B81D02B725002236001C76B2 /* NewsApiClient.swift in Sources */,
				B806C64E250544080052A36E /* TitleLabel.swift in Sources */,
				B8962035250652610063C8EF /* HeadlinesWebView.swift in Sources */,
			);
			runOnlyForDeploymentPostprocessing = 0;
		};
		B81D0294250009CC001C76B2 /* Sources */ = {
			isa = PBXSourcesBuildPhase;
			buildActionMask = 2147483647;
			files = (
				B81D029D250009CC001C76B2 /* DutchNewsAppTests.swift in Sources */,
			);
			runOnlyForDeploymentPostprocessing = 0;
		};
		B81D029F250009CC001C76B2 /* Sources */ = {
			isa = PBXSourcesBuildPhase;
			buildActionMask = 2147483647;
			files = (
				B81D02A8250009CC001C76B2 /* DutchNewsAppUITests.swift in Sources */,
			);
			runOnlyForDeploymentPostprocessing = 0;
		};
/* End PBXSourcesBuildPhase section */

/* Begin PBXTargetDependency section */
		B81D029A250009CC001C76B2 /* PBXTargetDependency */ = {
			isa = PBXTargetDependency;
			target = B81D0281250009C8001C76B2 /* DutchNewsApp */;
			targetProxy = B81D0299250009CC001C76B2 /* PBXContainerItemProxy */;
		};
		B81D02A5250009CC001C76B2 /* PBXTargetDependency */ = {
			isa = PBXTargetDependency;
			target = B81D0281250009C8001C76B2 /* DutchNewsApp */;
			targetProxy = B81D02A4250009CC001C76B2 /* PBXContainerItemProxy */;
		};
/* End PBXTargetDependency section */

/* Begin PBXVariantGroup section */
		B81D0290250009CC001C76B2 /* LaunchScreen.storyboard */ = {
			isa = PBXVariantGroup;
			children = (
				B81D0291250009CC001C76B2 /* Base */,
			);
			name = LaunchScreen.storyboard;
			sourceTree = "<group>";
		};
/* End PBXVariantGroup section */

/* Begin XCBuildConfiguration section */
		B81D02AA250009CC001C76B2 /* Debug */ = {
			isa = XCBuildConfiguration;
			buildSettings = {
				ALWAYS_SEARCH_USER_PATHS = NO;
				CLANG_ANALYZER_NONNULL = YES;
				CLANG_ANALYZER_NUMBER_OBJECT_CONVERSION = YES_AGGRESSIVE;
				CLANG_CXX_LANGUAGE_STANDARD = "gnu++14";
				CLANG_CXX_LIBRARY = "libc++";
				CLANG_ENABLE_MODULES = YES;
				CLANG_ENABLE_OBJC_ARC = YES;
				CLANG_ENABLE_OBJC_WEAK = YES;
				CLANG_WARN_BLOCK_CAPTURE_AUTORELEASING = YES;
				CLANG_WARN_BOOL_CONVERSION = YES;
				CLANG_WARN_COMMA = YES;
				CLANG_WARN_CONSTANT_CONVERSION = YES;
				CLANG_WARN_DEPRECATED_OBJC_IMPLEMENTATIONS = YES;
				CLANG_WARN_DIRECT_OBJC_ISA_USAGE = YES_ERROR;
				CLANG_WARN_DOCUMENTATION_COMMENTS = YES;
				CLANG_WARN_EMPTY_BODY = YES;
				CLANG_WARN_ENUM_CONVERSION = YES;
				CLANG_WARN_INFINITE_RECURSION = YES;
				CLANG_WARN_INT_CONVERSION = YES;
				CLANG_WARN_NON_LITERAL_NULL_CONVERSION = YES;
				CLANG_WARN_OBJC_IMPLICIT_RETAIN_SELF = YES;
				CLANG_WARN_OBJC_LITERAL_CONVERSION = YES;
				CLANG_WARN_OBJC_ROOT_CLASS = YES_ERROR;
				CLANG_WARN_RANGE_LOOP_ANALYSIS = YES;
				CLANG_WARN_STRICT_PROTOTYPES = YES;
				CLANG_WARN_SUSPICIOUS_MOVE = YES;
				CLANG_WARN_UNGUARDED_AVAILABILITY = YES_AGGRESSIVE;
				CLANG_WARN_UNREACHABLE_CODE = YES;
				CLANG_WARN__DUPLICATE_METHOD_MATCH = YES;
				COPY_PHASE_STRIP = NO;
				DEBUG_INFORMATION_FORMAT = dwarf;
				ENABLE_STRICT_OBJC_MSGSEND = YES;
				ENABLE_TESTABILITY = YES;
				GCC_C_LANGUAGE_STANDARD = gnu11;
				GCC_DYNAMIC_NO_PIC = NO;
				GCC_NO_COMMON_BLOCKS = YES;
				GCC_OPTIMIZATION_LEVEL = 0;
				GCC_PREPROCESSOR_DEFINITIONS = (
					"DEBUG=1",
					"$(inherited)",
				);
				GCC_WARN_64_TO_32_BIT_CONVERSION = YES;
				GCC_WARN_ABOUT_RETURN_TYPE = YES_ERROR;
				GCC_WARN_UNDECLARED_SELECTOR = YES;
				GCC_WARN_UNINITIALIZED_AUTOS = YES_AGGRESSIVE;
				GCC_WARN_UNUSED_FUNCTION = YES;
				GCC_WARN_UNUSED_VARIABLE = YES;
				IPHONEOS_DEPLOYMENT_TARGET = 11.0;
				MTL_ENABLE_DEBUG_INFO = INCLUDE_SOURCE;
				MTL_FAST_MATH = YES;
				ONLY_ACTIVE_ARCH = YES;
				SDKROOT = iphoneos;
				SWIFT_ACTIVE_COMPILATION_CONDITIONS = DEBUG;
				SWIFT_OPTIMIZATION_LEVEL = "-Onone";
			};
			name = Debug;
		};
		B81D02AB250009CC001C76B2 /* Release */ = {
			isa = XCBuildConfiguration;
			buildSettings = {
				ALWAYS_SEARCH_USER_PATHS = NO;
				CLANG_ANALYZER_NONNULL = YES;
				CLANG_ANALYZER_NUMBER_OBJECT_CONVERSION = YES_AGGRESSIVE;
				CLANG_CXX_LANGUAGE_STANDARD = "gnu++14";
				CLANG_CXX_LIBRARY = "libc++";
				CLANG_ENABLE_MODULES = YES;
				CLANG_ENABLE_OBJC_ARC = YES;
				CLANG_ENABLE_OBJC_WEAK = YES;
				CLANG_WARN_BLOCK_CAPTURE_AUTORELEASING = YES;
				CLANG_WARN_BOOL_CONVERSION = YES;
				CLANG_WARN_COMMA = YES;
				CLANG_WARN_CONSTANT_CONVERSION = YES;
				CLANG_WARN_DEPRECATED_OBJC_IMPLEMENTATIONS = YES;
				CLANG_WARN_DIRECT_OBJC_ISA_USAGE = YES_ERROR;
				CLANG_WARN_DOCUMENTATION_COMMENTS = YES;
				CLANG_WARN_EMPTY_BODY = YES;
				CLANG_WARN_ENUM_CONVERSION = YES;
				CLANG_WARN_INFINITE_RECURSION = YES;
				CLANG_WARN_INT_CONVERSION = YES;
				CLANG_WARN_NON_LITERAL_NULL_CONVERSION = YES;
				CLANG_WARN_OBJC_IMPLICIT_RETAIN_SELF = YES;
				CLANG_WARN_OBJC_LITERAL_CONVERSION = YES;
				CLANG_WARN_OBJC_ROOT_CLASS = YES_ERROR;
				CLANG_WARN_RANGE_LOOP_ANALYSIS = YES;
				CLANG_WARN_STRICT_PROTOTYPES = YES;
				CLANG_WARN_SUSPICIOUS_MOVE = YES;
				CLANG_WARN_UNGUARDED_AVAILABILITY = YES_AGGRESSIVE;
				CLANG_WARN_UNREACHABLE_CODE = YES;
				CLANG_WARN__DUPLICATE_METHOD_MATCH = YES;
				COPY_PHASE_STRIP = NO;
				DEBUG_INFORMATION_FORMAT = "dwarf-with-dsym";
				ENABLE_NS_ASSERTIONS = NO;
				ENABLE_STRICT_OBJC_MSGSEND = YES;
				GCC_C_LANGUAGE_STANDARD = gnu11;
				GCC_NO_COMMON_BLOCKS = YES;
				GCC_WARN_64_TO_32_BIT_CONVERSION = YES;
				GCC_WARN_ABOUT_RETURN_TYPE = YES_ERROR;
				GCC_WARN_UNDECLARED_SELECTOR = YES;
				GCC_WARN_UNINITIALIZED_AUTOS = YES_AGGRESSIVE;
				GCC_WARN_UNUSED_FUNCTION = YES;
				GCC_WARN_UNUSED_VARIABLE = YES;
				IPHONEOS_DEPLOYMENT_TARGET = 11.0;
				MTL_ENABLE_DEBUG_INFO = NO;
				MTL_FAST_MATH = YES;
				SDKROOT = iphoneos;
				SWIFT_COMPILATION_MODE = wholemodule;
				SWIFT_OPTIMIZATION_LEVEL = "-O";
				VALIDATE_PRODUCT = YES;
			};
			name = Release;
		};
		B81D02AD250009CC001C76B2 /* Debug */ = {
			isa = XCBuildConfiguration;
			baseConfigurationReference = 13695E59E286103DA7F57669 /* Pods-DutchNewsApp.debug.xcconfig */;
			buildSettings = {
				ASSETCATALOG_COMPILER_APPICON_NAME = AppIcon;
				CODE_SIGN_STYLE = Automatic;
				DEVELOPMENT_TEAM = NK6ZCATT8D;
				INFOPLIST_FILE = DutchNewsApp/Info.plist;
				LD_RUNPATH_SEARCH_PATHS = (
					"$(inherited)",
					"@executable_path/Frameworks",
				);
				PRODUCT_BUNDLE_IDENTIFIER = KirillSedykh.DutchNewsApp;
				PRODUCT_NAME = "$(TARGET_NAME)";
				SWIFT_VERSION = 5.0;
				TARGETED_DEVICE_FAMILY = "1,2";
			};
			name = Debug;
		};
		B81D02AE250009CC001C76B2 /* Release */ = {
			isa = XCBuildConfiguration;
			baseConfigurationReference = F61414D0F2784DDF8F315040 /* Pods-DutchNewsApp.release.xcconfig */;
			buildSettings = {
				ASSETCATALOG_COMPILER_APPICON_NAME = AppIcon;
				CODE_SIGN_STYLE = Automatic;
				DEVELOPMENT_TEAM = NK6ZCATT8D;
				INFOPLIST_FILE = DutchNewsApp/Info.plist;
				LD_RUNPATH_SEARCH_PATHS = (
					"$(inherited)",
					"@executable_path/Frameworks",
				);
				PRODUCT_BUNDLE_IDENTIFIER = KirillSedykh.DutchNewsApp;
				PRODUCT_NAME = "$(TARGET_NAME)";
				SWIFT_VERSION = 5.0;
				TARGETED_DEVICE_FAMILY = "1,2";
			};
			name = Release;
		};
		B81D02B0250009CC001C76B2 /* Debug */ = {
			isa = XCBuildConfiguration;
			baseConfigurationReference = 5C053BCD49B54F4665026336 /* Pods-DutchNewsAppTests.debug.xcconfig */;
			buildSettings = {
				ALWAYS_EMBED_SWIFT_STANDARD_LIBRARIES = YES;
				BUNDLE_LOADER = "$(TEST_HOST)";
				CODE_SIGN_STYLE = Automatic;
				DEVELOPMENT_TEAM = NK6ZCATT8D;
				INFOPLIST_FILE = DutchNewsAppTests/Info.plist;
				IPHONEOS_DEPLOYMENT_TARGET = 13.2;
				LD_RUNPATH_SEARCH_PATHS = (
					"$(inherited)",
					"@executable_path/Frameworks",
					"@loader_path/Frameworks",
				);
				PRODUCT_BUNDLE_IDENTIFIER = KirillSedykh.DutchNewsAppTests;
				PRODUCT_NAME = "$(TARGET_NAME)";
				SWIFT_VERSION = 5.0;
				TARGETED_DEVICE_FAMILY = "1,2";
				TEST_HOST = "$(BUILT_PRODUCTS_DIR)/DutchNewsApp.app/DutchNewsApp";
			};
			name = Debug;
		};
		B81D02B1250009CC001C76B2 /* Release */ = {
			isa = XCBuildConfiguration;
			baseConfigurationReference = 304F64A98E2A5C20004D0A13 /* Pods-DutchNewsAppTests.release.xcconfig */;
			buildSettings = {
				ALWAYS_EMBED_SWIFT_STANDARD_LIBRARIES = YES;
				BUNDLE_LOADER = "$(TEST_HOST)";
				CODE_SIGN_STYLE = Automatic;
				DEVELOPMENT_TEAM = NK6ZCATT8D;
				INFOPLIST_FILE = DutchNewsAppTests/Info.plist;
				IPHONEOS_DEPLOYMENT_TARGET = 13.2;
				LD_RUNPATH_SEARCH_PATHS = (
					"$(inherited)",
					"@executable_path/Frameworks",
					"@loader_path/Frameworks",
				);
				PRODUCT_BUNDLE_IDENTIFIER = KirillSedykh.DutchNewsAppTests;
				PRODUCT_NAME = "$(TARGET_NAME)";
				SWIFT_VERSION = 5.0;
				TARGETED_DEVICE_FAMILY = "1,2";
				TEST_HOST = "$(BUILT_PRODUCTS_DIR)/DutchNewsApp.app/DutchNewsApp";
			};
			name = Release;
		};
		B81D02B3250009CC001C76B2 /* Debug */ = {
			isa = XCBuildConfiguration;
			baseConfigurationReference = D434D6388D7A0990E000B90D /* Pods-DutchNewsApp-DutchNewsAppUITests.debug.xcconfig */;
			buildSettings = {
				ALWAYS_EMBED_SWIFT_STANDARD_LIBRARIES = YES;
				CODE_SIGN_STYLE = Automatic;
				DEVELOPMENT_TEAM = NK6ZCATT8D;
				INFOPLIST_FILE = DutchNewsAppUITests/Info.plist;
				LD_RUNPATH_SEARCH_PATHS = (
					"$(inherited)",
					"@executable_path/Frameworks",
					"@loader_path/Frameworks",
				);
				PRODUCT_BUNDLE_IDENTIFIER = KirillSedykh.DutchNewsAppUITests;
				PRODUCT_NAME = "$(TARGET_NAME)";
				SWIFT_VERSION = 5.0;
				TARGETED_DEVICE_FAMILY = "1,2";
				TEST_TARGET_NAME = DutchNewsApp;
			};
			name = Debug;
		};
		B81D02B4250009CC001C76B2 /* Release */ = {
			isa = XCBuildConfiguration;
			baseConfigurationReference = 80416B4CC9D2C5069E3112FA /* Pods-DutchNewsApp-DutchNewsAppUITests.release.xcconfig */;
			buildSettings = {
				ALWAYS_EMBED_SWIFT_STANDARD_LIBRARIES = YES;
				CODE_SIGN_STYLE = Automatic;
				DEVELOPMENT_TEAM = NK6ZCATT8D;
				INFOPLIST_FILE = DutchNewsAppUITests/Info.plist;
				LD_RUNPATH_SEARCH_PATHS = (
					"$(inherited)",
					"@executable_path/Frameworks",
					"@loader_path/Frameworks",
				);
				PRODUCT_BUNDLE_IDENTIFIER = KirillSedykh.DutchNewsAppUITests;
				PRODUCT_NAME = "$(TARGET_NAME)";
				SWIFT_VERSION = 5.0;
				TARGETED_DEVICE_FAMILY = "1,2";
				TEST_TARGET_NAME = DutchNewsApp;
			};
			name = Release;
		};
/* End XCBuildConfiguration section */

/* Begin XCConfigurationList section */
		B81D027D250009C8001C76B2 /* Build configuration list for PBXProject "DutchNewsApp" */ = {
			isa = XCConfigurationList;
			buildConfigurations = (
				B81D02AA250009CC001C76B2 /* Debug */,
				B81D02AB250009CC001C76B2 /* Release */,
			);
			defaultConfigurationIsVisible = 0;
			defaultConfigurationName = Release;
		};
		B81D02AC250009CC001C76B2 /* Build configuration list for PBXNativeTarget "DutchNewsApp" */ = {
			isa = XCConfigurationList;
			buildConfigurations = (
				B81D02AD250009CC001C76B2 /* Debug */,
				B81D02AE250009CC001C76B2 /* Release */,
			);
			defaultConfigurationIsVisible = 0;
			defaultConfigurationName = Release;
		};
		B81D02AF250009CC001C76B2 /* Build configuration list for PBXNativeTarget "DutchNewsAppTests" */ = {
			isa = XCConfigurationList;
			buildConfigurations = (
				B81D02B0250009CC001C76B2 /* Debug */,
				B81D02B1250009CC001C76B2 /* Release */,
			);
			defaultConfigurationIsVisible = 0;
			defaultConfigurationName = Release;
		};
		B81D02B2250009CC001C76B2 /* Build configuration list for PBXNativeTarget "DutchNewsAppUITests" */ = {
			isa = XCConfigurationList;
			buildConfigurations = (
				B81D02B3250009CC001C76B2 /* Debug */,
				B81D02B4250009CC001C76B2 /* Release */,
			);
			defaultConfigurationIsVisible = 0;
			defaultConfigurationName = Release;
		};
/* End XCConfigurationList section */
	};
	rootObject = B81D027A250009C8001C76B2 /* Project object */;
}
